{
  "name": "errorstack",
  "version": "1.0.0",
  "lockfileVersion": 1,
  "requires": true,
  "dependencies": {
    "mustache": {
      "version": "2.3.0",
      "resolved": "http://registry.npm.taobao.org/mustache/download/mustache-2.3.0.tgz",
      "integrity": "sha1-QCj3d4sXcIpImTCm5SrDvKDaQdA="
    },
    "source-map": {
      "version": "0.6.1",
      "resolved": "http://registry.npm.taobao.org/source-map/download/source-map-0.6.1.tgz",
      "integrity": "sha1-dHIq8y6WFOnCh6jQu95IteLxomM=",
      "dev": true
    },
    "source-map-support": {
      "version": "0.5.4",
      "resolved": "http://registry.npm.taobao.org/source-map-support/download/source-map-support-0.5.4.tgz",
      "integrity": "sha1-VEVu+onKqScK981iTMLxI+Ufuug=",
      "dev": true,
      "requires": {
        "source-map": "0.6.1"
      }
    },
    "stack-trace": {
      "version": "0.0.10",
      "resolved": "http://registry.npm.taobao.org/stack-trace/download/stack-trace-0.0.10.tgz",
      "integrity": "sha1-VHxws0fo0ytOEI6hoqFZ5f3eGcA="
    }
  }
}
