# THIS IS AN AUTOGENERATED FILE. DO NOT EDIT THIS FILE DIRECTLY.
# yarn lockfile v1


mustache@^2.3.0:
  version "2.3.0"
  resolved "http://registry.npm.taobao.org/mustache/download/mustache-2.3.0.tgz#4028f7778b17708a489930a6e52ac3bca0da41d0"

source-map-support@^0.5.0:
  version "0.5.4"
  resolved "http://registry.npm.taobao.org/source-map-support/download/source-map-support-0.5.4.tgz#54456efa89caa9270af7cd624cc2f123e51fbae8"
  dependencies:
    source-map "^0.6.0"

source-map@^0.6.0:
  version "0.6.1"
  resolved "http://registry.npm.taobao.org/source-map/download/source-map-0.6.1.tgz#74722af32e9614e9c287a8d0bbde48b5e2f1a263"

stack-trace@~0.0.10:
  version "0.0.10"
  resolved "http://registry.npm.taobao.org/stack-trace/download/stack-trace-0.0.10.tgz#547c70b347e8d32b4e108ea1a2a159e5fdde19c0"
